
Microsoft Visual Studio Solution File, Format Version 12.00
# Visual Studio Version 16
VisualStudioVersion = 16.0.30621.155
MinimumVisualStudioVersion = 10.0.40219.1
Project("{FAE04EC0-301F-11D3-BF4B-00C04F79EFBC}") = "SharpMapExec", "SharpMapExec\SharpMapExec.csproj", "{BD5220F7-E1FB-41D2-91EC-E4C50C6E9B9F}"
EndProject
Global
	GlobalSection(SolutionConfigurationPlatforms) = preSolution
		Debug|Any CPU = Debug|Any CPU
		Release|Any CPU = Release|Any CPU
	EndGlobalSection
	GlobalSection(ProjectConfigurationPlatforms) = postSolution
		{BD5220F7-E1FB-41D2-91EC-E4C50C6E9B9F}.Debug|Any CPU.ActiveCfg = Debug|Any CPU
		{BD5220F7-E1FB-41D2-91EC-E4C50C6E9B9F}.Debug|Any CPU.Build.0 = Debug|Any CPU
		{BD5220F7-E1FB-41D2-91EC-E4C50C6E9B9F}.Release|Any CPU.ActiveCfg = Release|Any CPU
		{BD5220F7-E1FB-41D2-91EC-E4C50C6E9B9F}.Release|Any CPU.Build.0 = Release|Any CPU
	EndGlobalSection
	GlobalSection(SolutionProperties) = preSolution
		HideSolutionNode = FALSE
	EndGlobalSection
	GlobalSection(ExtensibilityGlobals) = postSolution
		SolutionGuid = {AEA90CDD-BB1D-4538-ADC0-D75E08A995DD}
	EndGlobalSection
EndGlobal
